{"Repository":"","Packages":{"code.google.com/p/gomock":{"Source":"https://code.google.com/p/gomock/","Branch":"","Revision":"ae48011f41cd01e8e4e77d501502d2e734816da2"},"git.apache.org/thrift.git":{"Source":"git@github.com:edmodo/thrift.git","Branch":"edmodo-0.9.1","Revision":"db5732ceb447c6cefe2f625b7486eb75f786f593"},"github.com/coopernurse/gorp":{"Source":"git@github.com:coopernurse/gorp.git","Branch":"","Revision":"08e1d8ca19c74cb69e01ff7a8f332a2e46448c47"},"github.com/edmodo/minion":{"Source":"git@github.com:edmodo/minion.git","Branch":"deliver","Revision":"68ff0a131485298cf8f7f871f4989929c6d66e7d"},"github.com/edmodo/thrift-services":{"Source":"git@github.com:edmodo/thrift-services.git","Branch":"","Revision":"e0dbf3dfaa5531d50c37ccd39d6798c8cc7d4a78"},"github.com/onsi/ginkgo":{"Source":"git@github.com:onsi/ginkgo.git","Branch":"","Revision":"7083fb7612a8bc8ef9a48c35b8364fd06fadf9ad"},"github.com/onsi/gomega":{"Source":"git@github.com:onsi/gomega.git","Branch":"","Revision":"907e6fbe579ce639d5f28e6b21321e41ab0a8934"}}}