{"Repository":"","Packages":{"code.google.com/p/gomock":{"Source":"https://code.google.com/p/gomock/","Branch":"","Revision":""},"git.apache.org/thrift.git":{"Source":"git@github.com:edmodo/thrift.git","Branch":"edmodo-0.9.1","Revision":""},"github.com/coopernurse/gorp":{"Source":"git@github.com:coopernurse/gorp.git","Branch":"","Revision":""},"github.com/edmodo/minion":{"Source":"git@github.com:edmodo/minion.git","Branch":"deliver","Revision":""},"github.com/edmodo/thrift-services":{"Source":"git@github.com:edmodo/thrift-services.git","Branch":"","Revision":""},"github.com/onsi/ginkgo":{"Source":"git@github.com:onsi/ginkgo.git","Branch":"","Revision":""},"github.com/onsi/gomega":{"Source":"git@github.com:onsi/gomega.git","Branch":"","Revision":""}}}